<?xml version="1.0" encoding="utf-8"?>
<Project ToolsVersion="4.0" xmlns="http://schemas.microsoft.com/developer/msbuild/2003">
  <ItemGroup>
    <Filter Include="Source Files">
      <UniqueIdentifier>{4FC737F1-C7A5-4376-A066-2A32D752A2FF}</UniqueIdentifier>
      <Extensions>cpp;c;cc;cxx;c++;cppm;ixx;def;odl;idl;hpj;bat;asm;asmx</Extensions>
    </Filter>
    <Filter Include="Header Files">
      <UniqueIdentifier>{93995380-89BD-4b04-88EB-625FBE52EBFB}</UniqueIdentifier>
      <Extensions>h;hh;hpp;hxx;h++;hm;inl;inc;ipp;xsd</Extensions>
    </Filter>
    <Filter Include="Resource Files">
      <UniqueIdentifier>{67DA6AB6-F800-4c08-8B7A-83BB121AAD01}</UniqueIdentifier>
      <Extensions>rc;ico;cur;bmp;dlg;rc2;rct;bin;rgs;gif;jpg;jpeg;jpe;resx;tiff;tif;png;wav;mfcribbon-ms</Extensions>
    </Filter>
  </ItemGroup>
  <ItemGroup>
    <ClInclude Include="include\adaptor.hpp">
      <Filter>Header Files</Filter>
    </ClInclude>
    <ClInclude Include="include\arguments_parser.hpp">
      <Filter>Header Files</Filter>
    </ClInclude>
    <ClInclude Include="include\candlestick_data.hpp">
      <Filter>Header Files</Filter>
    </ClInclude>
    <ClInclude Include="include\common.hpp">
      <Filter>Header Files</Filter>
    </ClInclude>
    <ClInclude Include="include\container.hpp">
      <Filter>Header Files</Filter>
    </ClInclude>
    <ClInclude Include="include\data_streamer.hpp">
      <Filter>Header Files</Filter>
    </ClInclude>
    <ClInclude Include="include\database_connector.hpp">
      <Filter>Header Files</Filter>
    </ClInclude>
    <ClInclude Include="include\database_types.hpp">
      <Filter>Header Files</Filter>
    </ClInclude>
    <ClInclude Include="include\depth_data.hpp">
      <Filter>Header Files</Filter>
    </ClInclude>
    <ClInclude Include="include\futures_order_book.hpp">
      <Filter>Header Files</Filter>
    </ClInclude>
    <ClInclude Include="include\global_data.hpp">
      <Filter>Header Files</Filter>
    </ClInclude>
    <ClInclude Include="include\matching_engine.hpp">
      <Filter>Header Files</Filter>
    </ClInclude>
    <ClInclude Include="include\order_book_base.hpp">
      <Filter>Header Files</Filter>
    </ClInclude>
    <ClInclude Include="include\py_wrapper.hpp">
      <Filter>Header Files</Filter>
    </ClInclude>
    <ClInclude Include="include\spot_order_book.hpp">
      <Filter>Header Files</Filter>
    </ClInclude>
    <ClInclude Include="include\user_data.hpp">
      <Filter>Header Files</Filter>
    </ClInclude>
    <ClInclude Include="include\aggregate_trade.hpp">
      <Filter>Header Files</Filter>
    </ClInclude>
    <ClInclude Include="include\callbacks.hpp">
      <Filter>Header Files</Filter>
    </ClInclude>
    <ClInclude Include="include\trades_data.hpp">
      <Filter>Header Files</Filter>
    </ClInclude>
    <ClInclude Include="include\bookticker.hpp">
      <Filter>Header Files</Filter>
    </ClInclude>
    <ClInclude Include="include\enumerations.hpp">
      <Filter>Header Files</Filter>
    </ClInclude>
  </ItemGroup>
  <ItemGroup>
    <ClCompile Include="src\adaptor.cpp">
      <Filter>Source Files</Filter>
    </ClCompile>
    <ClCompile Include="src\arg_parser_extension.cpp">
      <Filter>Source Files</Filter>
    </ClCompile>
    <ClCompile Include="src\arguments_parser.cpp">
      <Filter>Source Files</Filter>
    </ClCompile>
    <ClCompile Include="src\candlestick_data.cpp">
      <Filter>Source Files</Filter>
    </ClCompile>
    <ClCompile Include="src\common.cpp">
      <Filter>Source Files</Filter>
    </ClCompile>
    <ClCompile Include="src\database_connector.cpp">
      <Filter>Source Files</Filter>
    </ClCompile>
    <ClCompile Include="src\depth_data.cpp">
      <Filter>Source Files</Filter>
    </ClCompile>
    <ClCompile Include="src\futures_order_book.cpp">
      <Filter>Source Files</Filter>
    </ClCompile>
    <ClCompile Include="src\global_data.cpp">
      <Filter>Source Files</Filter>
    </ClCompile>
    <ClCompile Include="src\matching_engine.cpp">
      <Filter>Source Files</Filter>
    </ClCompile>
    <ClCompile Include="src\py_wrapper.cpp">
      <Filter>Source Files</Filter>
    </ClCompile>
    <ClCompile Include="src\spot_order_book.cpp">
      <Filter>Source Files</Filter>
    </ClCompile>
    <ClCompile Include="src\user_data.cpp">
      <Filter>Source Files</Filter>
    </ClCompile>
    <ClCompile Include="src\trades_data.cpp">
      <Filter>Source Files</Filter>
    </ClCompile>
    <ClCompile Include="src\callbacks.cpp">
      <Filter>Source Files</Filter>
    </ClCompile>
    <ClCompile Include="src\aggregate_trade.cpp">
      <Filter>Source Files</Filter>
    </ClCompile>
    <ClCompile Include="src\bookticker.cpp">
      <Filter>Source Files</Filter>
    </ClCompile>
  </ItemGroup>
</Project>